
Microsoft Visual Studio Solution File, Format Version 11.00
# Visual Studio 2010
Project("{FAE04EC0-301F-11D3-BF4B-00C04F79EFBC}") = "TaxSolution", "TaxSolution\TaxSolution.csproj", "{B59EFB17-B7B4-4DC7-91AF-D37B5CFEC9C0}"
EndProject
Project("{FAE04EC0-301F-11D3-BF4B-00C04F79EFBC}") = "AppLogic", "AppLogic\AppLogic.csproj", "{B083D95B-1A56-455A-9499-87F20637CBD9}"
EndProject
Project("{6141683F-8A12-4E36-9623-2EB02B2C2303}") = "Setup", "Setup\Setup.isproj", "{D5E21ED2-7A4B-4C2C-93F7-E665BE3C6782}"
EndProject
Global
	GlobalSection(SolutionConfigurationPlatforms) = preSolution
		CD_ROM|Any CPU = CD_ROM|Any CPU
		CD_ROM|Mixed Platforms = CD_ROM|Mixed Platforms
		CD_ROM|x86 = CD_ROM|x86
		Debug|Any CPU = Debug|Any CPU
		Debug|Mixed Platforms = Debug|Mixed Platforms
		Debug|x86 = Debug|x86
		DVD-5|Any CPU = DVD-5|Any CPU
		DVD-5|Mixed Platforms = DVD-5|Mixed Platforms
		DVD-5|x86 = DVD-5|x86
		Release|Any CPU = Release|Any CPU
		Release|Mixed Platforms = Release|Mixed Platforms
		Release|x86 = Release|x86
		SingleImage|Any CPU = SingleImage|Any CPU
		SingleImage|Mixed Platforms = SingleImage|Mixed Platforms
		SingleImage|x86 = SingleImage|x86
	EndGlobalSection
	GlobalSection(ProjectConfigurationPlatforms) = postSolution
		{B59EFB17-B7B4-4DC7-91AF-D37B5CFEC9C0}.CD_ROM|Any CPU.ActiveCfg = Release|x86
		{B59EFB17-B7B4-4DC7-91AF-D37B5CFEC9C0}.CD_ROM|Mixed Platforms.ActiveCfg = Release|x86
		{B59EFB17-B7B4-4DC7-91AF-D37B5CFEC9C0}.CD_ROM|Mixed Platforms.Build.0 = Release|x86
		{B59EFB17-B7B4-4DC7-91AF-D37B5CFEC9C0}.CD_ROM|x86.ActiveCfg = Release|x86
		{B59EFB17-B7B4-4DC7-91AF-D37B5CFEC9C0}.CD_ROM|x86.Build.0 = Release|x86
		{B59EFB17-B7B4-4DC7-91AF-D37B5CFEC9C0}.Debug|Any CPU.ActiveCfg = Debug|x86
		{B59EFB17-B7B4-4DC7-91AF-D37B5CFEC9C0}.Debug|Mixed Platforms.ActiveCfg = Debug|x86
		{B59EFB17-B7B4-4DC7-91AF-D37B5CFEC9C0}.Debug|Mixed Platforms.Build.0 = Debug|x86
		{B59EFB17-B7B4-4DC7-91AF-D37B5CFEC9C0}.Debug|x86.ActiveCfg = Debug|x86
		{B59EFB17-B7B4-4DC7-91AF-D37B5CFEC9C0}.Debug|x86.Build.0 = Debug|x86
		{B59EFB17-B7B4-4DC7-91AF-D37B5CFEC9C0}.DVD-5|Any CPU.ActiveCfg = Debug|x86
		{B59EFB17-B7B4-4DC7-91AF-D37B5CFEC9C0}.DVD-5|Mixed Platforms.ActiveCfg = Debug|x86
		{B59EFB17-B7B4-4DC7-91AF-D37B5CFEC9C0}.DVD-5|Mixed Platforms.Build.0 = Debug|x86
		{B59EFB17-B7B4-4DC7-91AF-D37B5CFEC9C0}.DVD-5|x86.ActiveCfg = Debug|x86
		{B59EFB17-B7B4-4DC7-91AF-D37B5CFEC9C0}.DVD-5|x86.Build.0 = Debug|x86
		{B59EFB17-B7B4-4DC7-91AF-D37B5CFEC9C0}.Release|Any CPU.ActiveCfg = Release|x86
		{B59EFB17-B7B4-4DC7-91AF-D37B5CFEC9C0}.Release|Mixed Platforms.ActiveCfg = Release|x86
		{B59EFB17-B7B4-4DC7-91AF-D37B5CFEC9C0}.Release|Mixed Platforms.Build.0 = Release|x86
		{B59EFB17-B7B4-4DC7-91AF-D37B5CFEC9C0}.Release|x86.ActiveCfg = Release|x86
		{B59EFB17-B7B4-4DC7-91AF-D37B5CFEC9C0}.Release|x86.Build.0 = Release|x86
		{B59EFB17-B7B4-4DC7-91AF-D37B5CFEC9C0}.SingleImage|Any CPU.ActiveCfg = Release|x86
		{B59EFB17-B7B4-4DC7-91AF-D37B5CFEC9C0}.SingleImage|Mixed Platforms.ActiveCfg = Release|x86
		{B59EFB17-B7B4-4DC7-91AF-D37B5CFEC9C0}.SingleImage|Mixed Platforms.Build.0 = Release|x86
		{B59EFB17-B7B4-4DC7-91AF-D37B5CFEC9C0}.SingleImage|x86.ActiveCfg = Release|x86
		{B59EFB17-B7B4-4DC7-91AF-D37B5CFEC9C0}.SingleImage|x86.Build.0 = Release|x86
		{B083D95B-1A56-455A-9499-87F20637CBD9}.CD_ROM|Any CPU.ActiveCfg = Release|Any CPU
		{B083D95B-1A56-455A-9499-87F20637CBD9}.CD_ROM|Any CPU.Build.0 = Release|Any CPU
		{B083D95B-1A56-455A-9499-87F20637CBD9}.CD_ROM|Mixed Platforms.ActiveCfg = Release|Any CPU
		{B083D95B-1A56-455A-9499-87F20637CBD9}.CD_ROM|Mixed Platforms.Build.0 = Release|Any CPU
		{B083D95B-1A56-455A-9499-87F20637CBD9}.CD_ROM|x86.ActiveCfg = Release|Any CPU
		{B083D95B-1A56-455A-9499-87F20637CBD9}.Debug|Any CPU.ActiveCfg = Debug|Any CPU
		{B083D95B-1A56-455A-9499-87F20637CBD9}.Debug|Any CPU.Build.0 = Debug|Any CPU
		{B083D95B-1A56-455A-9499-87F20637CBD9}.Debug|Mixed Platforms.ActiveCfg = Debug|Any CPU
		{B083D95B-1A56-455A-9499-87F20637CBD9}.Debug|Mixed Platforms.Build.0 = Debug|Any CPU
		{B083D95B-1A56-455A-9499-87F20637CBD9}.Debug|x86.ActiveCfg = Debug|Any CPU
		{B083D95B-1A56-455A-9499-87F20637CBD9}.DVD-5|Any CPU.ActiveCfg = Debug|Any CPU
		{B083D95B-1A56-455A-9499-87F20637CBD9}.DVD-5|Any CPU.Build.0 = Debug|Any CPU
		{B083D95B-1A56-455A-9499-87F20637CBD9}.DVD-5|Mixed Platforms.ActiveCfg = Debug|Any CPU
		{B083D95B-1A56-455A-9499-87F20637CBD9}.DVD-5|Mixed Platforms.Build.0 = Debug|Any CPU
		{B083D95B-1A56-455A-9499-87F20637CBD9}.DVD-5|x86.ActiveCfg = Debug|Any CPU
		{B083D95B-1A56-455A-9499-87F20637CBD9}.Release|Any CPU.ActiveCfg = Release|Any CPU
		{B083D95B-1A56-455A-9499-87F20637CBD9}.Release|Any CPU.Build.0 = Release|Any CPU
		{B083D95B-1A56-455A-9499-87F20637CBD9}.Release|Mixed Platforms.ActiveCfg = Release|Any CPU
		{B083D95B-1A56-455A-9499-87F20637CBD9}.Release|Mixed Platforms.Build.0 = Release|Any CPU
		{B083D95B-1A56-455A-9499-87F20637CBD9}.Release|x86.ActiveCfg = Release|Any CPU
		{B083D95B-1A56-455A-9499-87F20637CBD9}.SingleImage|Any CPU.ActiveCfg = Release|Any CPU
		{B083D95B-1A56-455A-9499-87F20637CBD9}.SingleImage|Any CPU.Build.0 = Release|Any CPU
		{B083D95B-1A56-455A-9499-87F20637CBD9}.SingleImage|Mixed Platforms.ActiveCfg = Release|Any CPU
		{B083D95B-1A56-455A-9499-87F20637CBD9}.SingleImage|Mixed Platforms.Build.0 = Release|Any CPU
		{B083D95B-1A56-455A-9499-87F20637CBD9}.SingleImage|x86.ActiveCfg = Release|Any CPU
		{D5E21ED2-7A4B-4C2C-93F7-E665BE3C6782}.CD_ROM|Any CPU.ActiveCfg = CD_ROM
		{D5E21ED2-7A4B-4C2C-93F7-E665BE3C6782}.CD_ROM|Any CPU.Build.0 = CD_ROM
		{D5E21ED2-7A4B-4C2C-93F7-E665BE3C6782}.CD_ROM|Mixed Platforms.ActiveCfg = CD_ROM
		{D5E21ED2-7A4B-4C2C-93F7-E665BE3C6782}.CD_ROM|Mixed Platforms.Build.0 = CD_ROM
		{D5E21ED2-7A4B-4C2C-93F7-E665BE3C6782}.CD_ROM|x86.ActiveCfg = CD_ROM
		{D5E21ED2-7A4B-4C2C-93F7-E665BE3C6782}.CD_ROM|x86.Build.0 = CD_ROM
		{D5E21ED2-7A4B-4C2C-93F7-E665BE3C6782}.Debug|Any CPU.ActiveCfg = DVD-5
		{D5E21ED2-7A4B-4C2C-93F7-E665BE3C6782}.Debug|Any CPU.Build.0 = DVD-5
		{D5E21ED2-7A4B-4C2C-93F7-E665BE3C6782}.Debug|Mixed Platforms.ActiveCfg = DVD-5
		{D5E21ED2-7A4B-4C2C-93F7-E665BE3C6782}.Debug|Mixed Platforms.Build.0 = DVD-5
		{D5E21ED2-7A4B-4C2C-93F7-E665BE3C6782}.Debug|x86.ActiveCfg = DVD-5
		{D5E21ED2-7A4B-4C2C-93F7-E665BE3C6782}.Debug|x86.Build.0 = DVD-5
		{D5E21ED2-7A4B-4C2C-93F7-E665BE3C6782}.DVD-5|Any CPU.ActiveCfg = DVD-5
		{D5E21ED2-7A4B-4C2C-93F7-E665BE3C6782}.DVD-5|Any CPU.Build.0 = DVD-5
		{D5E21ED2-7A4B-4C2C-93F7-E665BE3C6782}.DVD-5|Mixed Platforms.ActiveCfg = DVD-5
		{D5E21ED2-7A4B-4C2C-93F7-E665BE3C6782}.DVD-5|Mixed Platforms.Build.0 = DVD-5
		{D5E21ED2-7A4B-4C2C-93F7-E665BE3C6782}.DVD-5|x86.ActiveCfg = DVD-5
		{D5E21ED2-7A4B-4C2C-93F7-E665BE3C6782}.DVD-5|x86.Build.0 = DVD-5
		{D5E21ED2-7A4B-4C2C-93F7-E665BE3C6782}.Release|Any CPU.ActiveCfg = SingleImage
		{D5E21ED2-7A4B-4C2C-93F7-E665BE3C6782}.Release|Any CPU.Build.0 = SingleImage
		{D5E21ED2-7A4B-4C2C-93F7-E665BE3C6782}.Release|Mixed Platforms.ActiveCfg = SingleImage
		{D5E21ED2-7A4B-4C2C-93F7-E665BE3C6782}.Release|Mixed Platforms.Build.0 = SingleImage
		{D5E21ED2-7A4B-4C2C-93F7-E665BE3C6782}.Release|x86.ActiveCfg = SingleImage
		{D5E21ED2-7A4B-4C2C-93F7-E665BE3C6782}.Release|x86.Build.0 = SingleImage
		{D5E21ED2-7A4B-4C2C-93F7-E665BE3C6782}.SingleImage|Any CPU.ActiveCfg = SingleImage
		{D5E21ED2-7A4B-4C2C-93F7-E665BE3C6782}.SingleImage|Any CPU.Build.0 = SingleImage
		{D5E21ED2-7A4B-4C2C-93F7-E665BE3C6782}.SingleImage|Mixed Platforms.ActiveCfg = SingleImage
		{D5E21ED2-7A4B-4C2C-93F7-E665BE3C6782}.SingleImage|Mixed Platforms.Build.0 = SingleImage
		{D5E21ED2-7A4B-4C2C-93F7-E665BE3C6782}.SingleImage|x86.ActiveCfg = SingleImage
		{D5E21ED2-7A4B-4C2C-93F7-E665BE3C6782}.SingleImage|x86.Build.0 = SingleImage
	EndGlobalSection
	GlobalSection(SolutionProperties) = preSolution
		HideSolutionNode = FALSE
	EndGlobalSection
EndGlobal
